// !$*UTF8*$!
{
	archiveVersion = 1;
	classes = {
	};
	objectVersion = 55;
	objects = {

/* Begin PBXBuildFile section */
		001B183E29AD2BC700D34157 /* AppDelegate.swift in Sources */ = {isa = PBXBuildFile; fileRef = 001B183D29AD2BC700D34157 /* AppDelegate.swift */; };
		001B184029AD2BC700D34157 /* SceneDelegate.swift in Sources */ = {isa = PBXBuildFile; fileRef = 001B183F29AD2BC700D34157 /* SceneDelegate.swift */; };
		001B184229AD2BC700D34157 /* ViewController.swift in Sources */ = {isa = PBXBuildFile; fileRef = 001B184129AD2BC700D34157 /* ViewController.swift */; };
		001B184529AD2BC700D34157 /* Main.storyboard in Resources */ = {isa = PBXBuildFile; fileRef = 001B184329AD2BC700D34157 /* Main.storyboard */; };
		001B184729AD2BCC00D34157 /* Assets.xcassets in Resources */ = {isa = PBXBuildFile; fileRef = 001B184629AD2BCC00D34157 /* Assets.xcassets */; };
		001B184A29AD2BCC00D34157 /* LaunchScreen.storyboard in Resources */ = {isa = PBXBuildFile; fileRef = 001B184829AD2BCC00D34157 /* LaunchScreen.storyboard */; };
		001B185529AD2BCD00D34157 /* tableviewTests.swift in Sources */ = {isa = PBXBuildFile; fileRef = 001B185429AD2BCD00D34157 /* tableviewTests.swift */; };
		001B185F29AD2BCD00D34157 /* tableviewUITests.swift in Sources */ = {isa = PBXBuildFile; fileRef = 001B185E29AD2BCD00D34157 /* tableviewUITests.swift */; };
		001B186129AD2BCD00D34157 /* tableviewUITestsLaunchTests.swift in Sources */ = {isa = PBXBuildFile; fileRef = 001B186029AD2BCD00D34157 /* tableviewUITestsLaunchTests.swift */; };
		001B186F29AE2DA700D34157 /* CVTableViewCell.swift in Sources */ = {isa = PBXBuildFile; fileRef = 001B186D29AE2DA700D34157 /* CVTableViewCell.swift */; };
		001B187029AE2DA700D34157 /* CVTableViewCell.xib in Resources */ = {isa = PBXBuildFile; fileRef = 001B186E29AE2DA700D34157 /* CVTableViewCell.xib */; };
/* End PBXBuildFile section */

/* Begin PBXContainerItemProxy section */
		001B185129AD2BCD00D34157 /* PBXContainerItemProxy */ = {
			isa = PBXContainerItemProxy;
			containerPortal = 001B183229AD2BC700D34157 /* Project object */;
			proxyType = 1;
			remoteGlobalIDString = 001B183929AD2BC700D34157;
			remoteInfo = tableview;
		};
		001B185B29AD2BCD00D34157 /* PBXContainerItemProxy */ = {
			isa = PBXContainerItemProxy;
			containerPortal = 001B183229AD2BC700D34157 /* Project object */;
			proxyType = 1;
			remoteGlobalIDString = 001B183929AD2BC700D34157;
			remoteInfo = tableview;
		};
/* End PBXContainerItemProxy section */

/* Begin PBXFileReference section */
		001B183A29AD2BC700D34157 /* tableview.app */ = {isa = PBXFileReference; explicitFileType = wrapper.application; includeInIndex = 0; path = tableview.app; sourceTree = BUILT_PRODUCTS_DIR; };
		001B183D29AD2BC700D34157 /* AppDelegate.swift */ = {isa = PBXFileReference; lastKnownFileType = sourcecode.swift; path = AppDelegate.swift; sourceTree = "<group>"; };
		001B183F29AD2BC700D34157 /* SceneDelegate.swift */ = {isa = PBXFileReference; lastKnownFileType = sourcecode.swift; path = SceneDelegate.swift; sourceTree = "<group>"; };
		001B184129AD2BC700D34157 /* ViewController.swift */ = {isa = PBXFileReference; lastKnownFileType = sourcecode.swift; path = ViewController.swift; sourceTree = "<group>"; };
		001B184429AD2BC700D34157 /* Base */ = {isa = PBXFileReference; lastKnownFileType = file.storyboard; name = Base; path = Base.lproj/Main.storyboard; sourceTree = "<group>"; };
		001B184629AD2BCC00D34157 /* Assets.xcassets */ = {isa = PBXFileReference; lastKnownFileType = folder.assetcatalog; path = Assets.xcassets; sourceTree = "<group>"; };
		001B184929AD2BCC00D34157 /* Base */ = {isa = PBXFileReference; lastKnownFileType = file.storyboard; name = Base; path = Base.lproj/LaunchScreen.storyboard; sourceTree = "<group>"; };
		001B184B29AD2BCC00D34157 /* Info.plist */ = {isa = PBXFileReference; lastKnownFileType = text.plist.xml; path = Info.plist; sourceTree = "<group>"; };
		001B185029AD2BCD00D34157 /* tableviewTests.xctest */ = {isa = PBXFileReference; explicitFileType = wrapper.cfbundle; includeInIndex = 0; path = tableviewTests.xctest; sourceTree = BUILT_PRODUCTS_DIR; };
		001B185429AD2BCD00D34157 /* tableviewTests.swift */ = {isa = PBXFileReference; lastKnownFileType = sourcecode.swift; path = tableviewTests.swift; sourceTree = "<group>"; };
		001B185A29AD2BCD00D34157 /* tableviewUITests.xctest */ = {isa = PBXFileReference; explicitFileType = wrapper.cfbundle; includeInIndex = 0; path = tableviewUITests.xctest; sourceTree = BUILT_PRODUCTS_DIR; };
		001B185E29AD2BCD00D34157 /* tableviewUITests.swift */ = {isa = PBXFileReference; lastKnownFileType = sourcecode.swift; path = tableviewUITests.swift; sourceTree = "<group>"; };
		001B186029AD2BCD00D34157 /* tableviewUITestsLaunchTests.swift */ = {isa = PBXFileReference; lastKnownFileType = sourcecode.swift; path = tableviewUITestsLaunchTests.swift; sourceTree = "<group>"; };
		001B186D29AE2DA700D34157 /* CVTableViewCell.swift */ = {isa = PBXFileReference; lastKnownFileType = sourcecode.swift; path = CVTableViewCell.swift; sourceTree = SOURCE_ROOT; };
		001B186E29AE2DA700D34157 /* CVTableViewCell.xib */ = {isa = PBXFileReference; lastKnownFileType = file.xib; path = CVTableViewCell.xib; sourceTree = SOURCE_ROOT; };
/* End PBXFileReference section */

/* Begin PBXFrameworksBuildPhase section */
		001B183729AD2BC700D34157 /* Frameworks */ = {
			isa = PBXFrameworksBuildPhase;
			buildActionMask = 2147483647;
			files = (
			);
			runOnlyForDeploymentPostprocessing = 0;
		};
		001B184D29AD2BCD00D34157 /* Frameworks */ = {
			isa = PBXFrameworksBuildPhase;
			buildActionMask = 2147483647;
			files = (
			);
			runOnlyForDeploymentPostprocessing = 0;
		};
		001B185729AD2BCD00D34157 /* Frameworks */ = {
			isa = PBXFrameworksBuildPhase;
			buildActionMask = 2147483647;
			files = (
			);
			runOnlyForDeploymentPostprocessing = 0;
		};
/* End PBXFrameworksBuildPhase section */

/* Begin PBXGroup section */
		001B183129AD2BC700D34157 = {
			isa = PBXGroup;
			children = (
				001B183C29AD2BC700D34157 /* tableview */,
				001B185329AD2BCD00D34157 /* tableviewTests */,
				001B185D29AD2BCD00D34157 /* tableviewUITests */,
				001B183B29AD2BC700D34157 /* Products */,
			);
			sourceTree = "<group>";
		};
		001B183B29AD2BC700D34157 /* Products */ = {
			isa = PBXGroup;
			children = (
				001B183A29AD2BC700D34157 /* tableview.app */,
				001B185029AD2BCD00D34157 /* tableviewTests.xctest */,
				001B185A29AD2BCD00D34157 /* tableviewUITests.xctest */,
			);
			name = Products;
			sourceTree = "<group>";
		};
		001B183C29AD2BC700D34157 /* tableview */ = {
			isa = PBXGroup;
			children = (
				001B183D29AD2BC700D34157 /* AppDelegate.swift */,
				001B183F29AD2BC700D34157 /* SceneDelegate.swift */,
				001B184129AD2BC700D34157 /* ViewController.swift */,
				001B184329AD2BC700D34157 /* Main.storyboard */,
				001B184629AD2BCC00D34157 /* Assets.xcassets */,
				001B184829AD2BCC00D34157 /* LaunchScreen.storyboard */,
				001B184B29AD2BCC00D34157 /* Info.plist */,
				001B186D29AE2DA700D34157 /* CVTableViewCell.swift */,
				001B186E29AE2DA700D34157 /* CVTableViewCell.xib */,
			);
			path = tableview;
			sourceTree = "<group>";
		};
		001B185329AD2BCD00D34157 /* tableviewTests */ = {
			isa = PBXGroup;
			children = (
				001B185429AD2BCD00D34157 /* tableviewTests.swift */,
			);
			path = tableviewTests;
			sourceTree = "<group>";
		};
		001B185D29AD2BCD00D34157 /* tableviewUITests */ = {
			isa = PBXGroup;
			children = (
				001B185E29AD2BCD00D34157 /* tableviewUITests.swift */,
				001B186029AD2BCD00D34157 /* tableviewUITestsLaunchTests.swift */,
			);
			path = tableviewUITests;
			sourceTree = "<group>";
		};
/* End PBXGroup section */

/* Begin PBXNativeTarget section */
		001B183929AD2BC700D34157 /* tableview */ = {
			isa = PBXNativeTarget;
			buildConfigurationList = 001B186429AD2BCD00D34157 /* Build configuration list for PBXNativeTarget "tableview" */;
			buildPhases = (
				001B183629AD2BC700D34157 /* Sources */,
				001B183729AD2BC700D34157 /* Frameworks */,
				001B183829AD2BC700D34157 /* Resources */,
			);
			buildRules = (
			);
			dependencies = (
			);
			name = tableview;
			productName = tableview;
			productReference = 001B183A29AD2BC700D34157 /* tableview.app */;
			productType = "com.apple.product-type.application";
		};
		001B184F29AD2BCD00D34157 /* tableviewTests */ = {
			isa = PBXNativeTarget;
			buildConfigurationList = 001B186729AD2BCD00D34157 /* Build configuration list for PBXNativeTarget "tableviewTests" */;
			buildPhases = (
				001B184C29AD2BCD00D34157 /* Sources */,
				001B184D29AD2BCD00D34157 /* Frameworks */,
				001B184E29AD2BCD00D34157 /* Resources */,
			);
			buildRules = (
			);
			dependencies = (
				001B185229AD2BCD00D34157 /* PBXTargetDependency */,
			);
			name = tableviewTests;
			productName = tableviewTests;
			productReference = 001B185029AD2BCD00D34157 /* tableviewTests.xctest */;
			productType = "com.apple.product-type.bundle.unit-test";
		};
		001B185929AD2BCD00D34157 /* tableviewUITests */ = {
			isa = PBXNativeTarget;
			buildConfigurationList = 001B186A29AD2BCD00D34157 /* Build configuration list for PBXNativeTarget "tableviewUITests" */;
			buildPhases = (
				001B185629AD2BCD00D34157 /* Sources */,
				001B185729AD2BCD00D34157 /* Frameworks */,
				001B185829AD2BCD00D34157 /* Resources */,
			);
			buildRules = (
			);
			dependencies = (
				001B185C29AD2BCD00D34157 /* PBXTargetDependency */,
			);
			name = tableviewUITests;
			productName = tableviewUITests;
			productReference = 001B185A29AD2BCD00D34157 /* tableviewUITests.xctest */;
			productType = "com.apple.product-type.bundle.ui-testing";
		};
/* End PBXNativeTarget section */

/* Begin PBXProject section */
		001B183229AD2BC700D34157 /* Project object */ = {
			isa = PBXProject;
			attributes = {
				BuildIndependentTargetsInParallel = 1;
				LastSwiftUpdateCheck = 1340;
				LastUpgradeCheck = 1340;
				TargetAttributes = {
					001B183929AD2BC700D34157 = {
						CreatedOnToolsVersion = 13.4.1;
					};
					001B184F29AD2BCD00D34157 = {
						CreatedOnToolsVersion = 13.4.1;
						TestTargetID = 001B183929AD2BC700D34157;
					};
					001B185929AD2BCD00D34157 = {
						CreatedOnToolsVersion = 13.4.1;
						TestTargetID = 001B183929AD2BC700D34157;
					};
				};
			};
			buildConfigurationList = 001B183529AD2BC700D34157 /* Build configuration list for PBXProject "tableview" */;
			compatibilityVersion = "Xcode 13.0";
			developmentRegion = en;
			hasScannedForEncodings = 0;
			knownRegions = (
				en,
				Base,
			);
			mainGroup = 001B183129AD2BC700D34157;
			productRefGroup = 001B183B29AD2BC700D34157 /* Products */;
			projectDirPath = "";
			projectRoot = "";
			targets = (
				001B183929AD2BC700D34157 /* tableview */,
				001B184F29AD2BCD00D34157 /* tableviewTests */,
				001B185929AD2BCD00D34157 /* tableviewUITests */,
			);
		};
/* End PBXProject section */

/* Begin PBXResourcesBuildPhase section */
		001B183829AD2BC700D34157 /* Resources */ = {
			isa = PBXResourcesBuildPhase;
			buildActionMask = 2147483647;
			files = (
				001B187029AE2DA700D34157 /* CVTableViewCell.xib in Resources */,
				001B184A29AD2BCC00D34157 /* LaunchScreen.storyboard in Resources */,
				001B184729AD2BCC00D34157 /* Assets.xcassets in Resources */,
				001B184529AD2BC700D34157 /* Main.storyboard in Resources */,
			);
			runOnlyForDeploymentPostprocessing = 0;
		};
		001B184E29AD2BCD00D34157 /* Resources */ = {
			isa = PBXResourcesBuildPhase;
			buildActionMask = 2147483647;
			files = (
			);
			runOnlyForDeploymentPostprocessing = 0;
		};
		001B185829AD2BCD00D34157 /* Resources */ = {
			isa = PBXResourcesBuildPhase;
			buildActionMask = 2147483647;
			files = (
			);
			runOnlyForDeploymentPostprocessing = 0;
		};
/* End PBXResourcesBuildPhase section */

/* Begin PBXSourcesBuildPhase section */
		001B183629AD2BC700D34157 /* Sources */ = {
			isa = PBXSourcesBuildPhase;
			buildActionMask = 2147483647;
			files = (
				001B186F29AE2DA700D34157 /* CVTableViewCell.swift in Sources */,
				001B184229AD2BC700D34157 /* ViewController.swift in Sources */,
				001B183E29AD2BC700D34157 /* AppDelegate.swift in Sources */,
				001B184029AD2BC700D34157 /* SceneDelegate.swift in Sources */,
			);
			runOnlyForDeploymentPostprocessing = 0;
		};
		001B184C29AD2BCD00D34157 /* Sources */ = {
			isa = PBXSourcesBuildPhase;
			buildActionMask = 2147483647;
			files = (
				001B185529AD2BCD00D34157 /* tableviewTests.swift in Sources */,
			);
			runOnlyForDeploymentPostprocessing = 0;
		};
		001B185629AD2BCD00D34157 /* Sources */ = {
			isa = PBXSourcesBuildPhase;
			buildActionMask = 2147483647;
			files = (
				001B186129AD2BCD00D34157 /* tableviewUITestsLaunchTests.swift in Sources */,
				001B185F29AD2BCD00D34157 /* tableviewUITests.swift in Sources */,
			);
			runOnlyForDeploymentPostprocessing = 0;
		};
/* End PBXSourcesBuildPhase section */

/* Begin PBXTargetDependency section */
		001B185229AD2BCD00D34157 /* PBXTargetDependency */ = {
			isa = PBXTargetDependency;
			target = 001B183929AD2BC700D34157 /* tableview */;
			targetProxy = 001B185129AD2BCD00D34157 /* PBXContainerItemProxy */;
		};
		001B185C29AD2BCD00D34157 /* PBXTargetDependency */ = {
			isa = PBXTargetDependency;
			target = 001B183929AD2BC700D34157 /* tableview */;
			targetProxy = 001B185B29AD2BCD00D34157 /* PBXContainerItemProxy */;
		};
/* End PBXTargetDependency section */

/* Begin PBXVariantGroup section */
		001B184329AD2BC700D34157 /* Main.storyboard */ = {
			isa = PBXVariantGroup;
			children = (
				001B184429AD2BC700D34157 /* Base */,
			);
			name = Main.storyboard;
			sourceTree = "<group>";
		};
		001B184829AD2BCC00D34157 /* LaunchScreen.storyboard */ = {
			isa = PBXVariantGroup;
			children = (
				001B184929AD2BCC00D34157 /* Base */,
			);
			name = LaunchScreen.storyboard;
			sourceTree = "<group>";
		};
/* End PBXVariantGroup section */

/* Begin XCBuildConfiguration section */
		001B186229AD2BCD00D34157 /* Debug */ = {
			isa = XCBuildConfiguration;
			buildSettings = {
				ALWAYS_SEARCH_USER_PATHS = NO;
				CLANG_ANALYZER_NONNULL = YES;
				CLANG_ANALYZER_NUMBER_OBJECT_CONVERSION = YES_AGGRESSIVE;
				CLANG_CXX_LANGUAGE_STANDARD = "gnu++17";
				CLANG_ENABLE_MODULES = YES;
				CLANG_ENABLE_OBJC_ARC = YES;
				CLANG_ENABLE_OBJC_WEAK = YES;
				CLANG_WARN_BLOCK_CAPTURE_AUTORELEASING = YES;
				CLANG_WARN_BOOL_CONVERSION = YES;
				CLANG_WARN_COMMA = YES;
				CLANG_WARN_CONSTANT_CONVERSION = YES;
				CLANG_WARN_DEPRECATED_OBJC_IMPLEMENTATIONS = YES;
				CLANG_WARN_DIRECT_OBJC_ISA_USAGE = YES_ERROR;
				CLANG_WARN_DOCUMENTATION_COMMENTS = YES;
				CLANG_WARN_EMPTY_BODY = YES;
				CLANG_WARN_ENUM_CONVERSION = YES;
				CLANG_WARN_INFINITE_RECURSION = YES;
				CLANG_WARN_INT_CONVERSION = YES;
				CLANG_WARN_NON_LITERAL_NULL_CONVERSION = YES;
				CLANG_WARN_OBJC_IMPLICIT_RETAIN_SELF = YES;
				CLANG_WARN_OBJC_LITERAL_CONVERSION = YES;
				CLANG_WARN_OBJC_ROOT_CLASS = YES_ERROR;
				CLANG_WARN_QUOTED_INCLUDE_IN_FRAMEWORK_HEADER = YES;
				CLANG_WARN_RANGE_LOOP_ANALYSIS = YES;
				CLANG_WARN_STRICT_PROTOTYPES = YES;
				CLANG_WARN_SUSPICIOUS_MOVE = YES;
				CLANG_WARN_UNGUARDED_AVAILABILITY = YES_AGGRESSIVE;
				CLANG_WARN_UNREACHABLE_CODE = YES;
				CLANG_WARN__DUPLICATE_METHOD_MATCH = YES;
				COPY_PHASE_STRIP = NO;
				DEBUG_INFORMATION_FORMAT = dwarf;
				ENABLE_STRICT_OBJC_MSGSEND = YES;
				ENABLE_TESTABILITY = YES;
				GCC_C_LANGUAGE_STANDARD = gnu11;
				GCC_DYNAMIC_NO_PIC = NO;
				GCC_NO_COMMON_BLOCKS = YES;
				GCC_OPTIMIZATION_LEVEL = 0;
				GCC_PREPROCESSOR_DEFINITIONS = (
					"DEBUG=1",
					"$(inherited)",
				);
				GCC_WARN_64_TO_32_BIT_CONVERSION = YES;
				GCC_WARN_ABOUT_RETURN_TYPE = YES_ERROR;
				GCC_WARN_UNDECLARED_SELECTOR = YES;
				GCC_WARN_UNINITIALIZED_AUTOS = YES_AGGRESSIVE;
				GCC_WARN_UNUSED_FUNCTION = YES;
				GCC_WARN_UNUSED_VARIABLE = YES;
				IPHONEOS_DEPLOYMENT_TARGET = 15.5;
				MTL_ENABLE_DEBUG_INFO = INCLUDE_SOURCE;
				MTL_FAST_MATH = YES;
				ONLY_ACTIVE_ARCH = YES;
				SDKROOT = iphoneos;
				SWIFT_ACTIVE_COMPILATION_CONDITIONS = DEBUG;
				SWIFT_OPTIMIZATION_LEVEL = "-Onone";
			};
			name = Debug;
		};
		001B186329AD2BCD00D34157 /* Release */ = {
			isa = XCBuildConfiguration;
			buildSettings = {
				ALWAYS_SEARCH_USER_PATHS = NO;
				CLANG_ANALYZER_NONNULL = YES;
				CLANG_ANALYZER_NUMBER_OBJECT_CONVERSION = YES_AGGRESSIVE;
				CLANG_CXX_LANGUAGE_STANDARD = "gnu++17";
				CLANG_ENABLE_MODULES = YES;
				CLANG_ENABLE_OBJC_ARC = YES;
				CLANG_ENABLE_OBJC_WEAK = YES;
				CLANG_WARN_BLOCK_CAPTURE_AUTORELEASING = YES;
				CLANG_WARN_BOOL_CONVERSION = YES;
				CLANG_WARN_COMMA = YES;
				CLANG_WARN_CONSTANT_CONVERSION = YES;
				CLANG_WARN_DEPRECATED_OBJC_IMPLEMENTATIONS = YES;
				CLANG_WARN_DIRECT_OBJC_ISA_USAGE = YES_ERROR;
				CLANG_WARN_DOCUMENTATION_COMMENTS = YES;
				CLANG_WARN_EMPTY_BODY = YES;
				CLANG_WARN_ENUM_CONVERSION = YES;
				CLANG_WARN_INFINITE_RECURSION = YES;
				CLANG_WARN_INT_CONVERSION = YES;
				CLANG_WARN_NON_LITERAL_NULL_CONVERSION = YES;
				CLANG_WARN_OBJC_IMPLICIT_RETAIN_SELF = YES;
				CLANG_WARN_OBJC_LITERAL_CONVERSION = YES;
				CLANG_WARN_OBJC_ROOT_CLASS = YES_ERROR;
				CLANG_WARN_QUOTED_INCLUDE_IN_FRAMEWORK_HEADER = YES;
				CLANG_WARN_RANGE_LOOP_ANALYSIS = YES;
				CLANG_WARN_STRICT_PROTOTYPES = YES;
				CLANG_WARN_SUSPICIOUS_MOVE = YES;
				CLANG_WARN_UNGUARDED_AVAILABILITY = YES_AGGRESSIVE;
				CLANG_WARN_UNREACHABLE_CODE = YES;
				CLANG_WARN__DUPLICATE_METHOD_MATCH = YES;
				COPY_PHASE_STRIP = NO;
				DEBUG_INFORMATION_FORMAT = "dwarf-with-dsym";
				ENABLE_NS_ASSERTIONS = NO;
				ENABLE_STRICT_OBJC_MSGSEND = YES;
				GCC_C_LANGUAGE_STANDARD = gnu11;
				GCC_NO_COMMON_BLOCKS = YES;
				GCC_WARN_64_TO_32_BIT_CONVERSION = YES;
				GCC_WARN_ABOUT_RETURN_TYPE = YES_ERROR;
				GCC_WARN_UNDECLARED_SELECTOR = YES;
				GCC_WARN_UNINITIALIZED_AUTOS = YES_AGGRESSIVE;
				GCC_WARN_UNUSED_FUNCTION = YES;
				GCC_WARN_UNUSED_VARIABLE = YES;
				IPHONEOS_DEPLOYMENT_TARGET = 15.5;
				MTL_ENABLE_DEBUG_INFO = NO;
				MTL_FAST_MATH = YES;
				SDKROOT = iphoneos;
				SWIFT_COMPILATION_MODE = wholemodule;
				SWIFT_OPTIMIZATION_LEVEL = "-O";
				VALIDATE_PRODUCT = YES;
			};
			name = Release;
		};
		001B186529AD2BCD00D34157 /* Debug */ = {
			isa = XCBuildConfiguration;
			buildSettings = {
				ASSETCATALOG_COMPILER_APPICON_NAME = AppIcon;
				ASSETCATALOG_COMPILER_GLOBAL_ACCENT_COLOR_NAME = AccentColor;
				CODE_SIGN_STYLE = Automatic;
				CURRENT_PROJECT_VERSION = 1;
				GENERATE_INFOPLIST_FILE = YES;
				INFOPLIST_FILE = tableview/Info.plist;
				INFOPLIST_KEY_UIApplicationSupportsIndirectInputEvents = YES;
				INFOPLIST_KEY_UILaunchStoryboardName = LaunchScreen;
				INFOPLIST_KEY_UIMainStoryboardFile = Main;
				INFOPLIST_KEY_UISupportedInterfaceOrientations_iPad = "UIInterfaceOrientationPortrait UIInterfaceOrientationPortraitUpsideDown UIInterfaceOrientationLandscapeLeft UIInterfaceOrientationLandscapeRight";
				INFOPLIST_KEY_UISupportedInterfaceOrientations_iPhone = "UIInterfaceOrientationPortrait UIInterfaceOrientationLandscapeLeft UIInterfaceOrientationLandscapeRight";
				LD_RUNPATH_SEARCH_PATHS = (
					"$(inherited)",
					"@executable_path/Frameworks",
				);
				MARKETING_VERSION = 1.0;
				PRODUCT_BUNDLE_IDENTIFIER = "-23.tableview";
				PRODUCT_NAME = "$(TARGET_NAME)";
				SWIFT_EMIT_LOC_STRINGS = YES;
				SWIFT_VERSION = 5.0;
				TARGETED_DEVICE_FAMILY = "1,2";
			};
			name = Debug;
		};
		001B186629AD2BCD00D34157 /* Release */ = {
			isa = XCBuildConfiguration;
			buildSettings = {
				ASSETCATALOG_COMPILER_APPICON_NAME = AppIcon;
				ASSETCATALOG_COMPILER_GLOBAL_ACCENT_COLOR_NAME = AccentColor;
				CODE_SIGN_STYLE = Automatic;
				CURRENT_PROJECT_VERSION = 1;
				GENERATE_INFOPLIST_FILE = YES;
				INFOPLIST_FILE = tableview/Info.plist;
				INFOPLIST_KEY_UIApplicationSupportsIndirectInputEvents = YES;
				INFOPLIST_KEY_UILaunchStoryboardName = LaunchScreen;
				INFOPLIST_KEY_UIMainStoryboardFile = Main;
				INFOPLIST_KEY_UISupportedInterfaceOrientations_iPad = "UIInterfaceOrientationPortrait UIInterfaceOrientationPortraitUpsideDown UIInterfaceOrientationLandscapeLeft UIInterfaceOrientationLandscapeRight";
				INFOPLIST_KEY_UISupportedInterfaceOrientations_iPhone = "UIInterfaceOrientationPortrait UIInterfaceOrientationLandscapeLeft UIInterfaceOrientationLandscapeRight";
				LD_RUNPATH_SEARCH_PATHS = (
					"$(inherited)",
					"@executable_path/Frameworks",
				);
				MARKETING_VERSION = 1.0;
				PRODUCT_BUNDLE_IDENTIFIER = "-23.tableview";
				PRODUCT_NAME = "$(TARGET_NAME)";
				SWIFT_EMIT_LOC_STRINGS = YES;
				SWIFT_VERSION = 5.0;
				TARGETED_DEVICE_FAMILY = "1,2";
			};
			name = Release;
		};
		001B186829AD2BCD00D34157 /* Debug */ = {
			isa = XCBuildConfiguration;
			buildSettings = {
				ALWAYS_EMBED_SWIFT_STANDARD_LIBRARIES = YES;
				BUNDLE_LOADER = "$(TEST_HOST)";
				CODE_SIGN_STYLE = Automatic;
				CURRENT_PROJECT_VERSION = 1;
				GENERATE_INFOPLIST_FILE = YES;
				IPHONEOS_DEPLOYMENT_TARGET = 15.5;
				MARKETING_VERSION = 1.0;
				PRODUCT_BUNDLE_IDENTIFIER = "-23.tableviewTests";
				PRODUCT_NAME = "$(TARGET_NAME)";
				SWIFT_EMIT_LOC_STRINGS = NO;
				SWIFT_VERSION = 5.0;
				TARGETED_DEVICE_FAMILY = "1,2";
				TEST_HOST = "$(BUILT_PRODUCTS_DIR)/tableview.app/tableview";
			};
			name = Debug;
		};
		001B186929AD2BCD00D34157 /* Release */ = {
			isa = XCBuildConfiguration;
			buildSettings = {
				ALWAYS_EMBED_SWIFT_STANDARD_LIBRARIES = YES;
				BUNDLE_LOADER = "$(TEST_HOST)";
				CODE_SIGN_STYLE = Automatic;
				CURRENT_PROJECT_VERSION = 1;
				GENERATE_INFOPLIST_FILE = YES;
				IPHONEOS_DEPLOYMENT_TARGET = 15.5;
				MARKETING_VERSION = 1.0;
				PRODUCT_BUNDLE_IDENTIFIER = "-23.tableviewTests";
				PRODUCT_NAME = "$(TARGET_NAME)";
				SWIFT_EMIT_LOC_STRINGS = NO;
				SWIFT_VERSION = 5.0;
				TARGETED_DEVICE_FAMILY = "1,2";
				TEST_HOST = "$(BUILT_PRODUCTS_DIR)/tableview.app/tableview";
			};
			name = Release;
		};
		001B186B29AD2BCD00D34157 /* Debug */ = {
			isa = XCBuildConfiguration;
			buildSettings = {
				ALWAYS_EMBED_SWIFT_STANDARD_LIBRARIES = YES;
				CODE_SIGN_STYLE = Automatic;
				CURRENT_PROJECT_VERSION = 1;
				GENERATE_INFOPLIST_FILE = YES;
				MARKETING_VERSION = 1.0;
				PRODUCT_BUNDLE_IDENTIFIER = "-23.tableviewUITests";
				PRODUCT_NAME = "$(TARGET_NAME)";
				SWIFT_EMIT_LOC_STRINGS = NO;
				SWIFT_VERSION = 5.0;
				TARGETED_DEVICE_FAMILY = "1,2";
				TEST_TARGET_NAME = tableview;
			};
			name = Debug;
		};
		001B186C29AD2BCD00D34157 /* Release */ = {
			isa = XCBuildConfiguration;
			buildSettings = {
				ALWAYS_EMBED_SWIFT_STANDARD_LIBRARIES = YES;
				CODE_SIGN_STYLE = Automatic;
				CURRENT_PROJECT_VERSION = 1;
				GENERATE_INFOPLIST_FILE = YES;
				MARKETING_VERSION = 1.0;
				PRODUCT_BUNDLE_IDENTIFIER = "-23.tableviewUITests";
				PRODUCT_NAME = "$(TARGET_NAME)";
				SWIFT_EMIT_LOC_STRINGS = NO;
				SWIFT_VERSION = 5.0;
				TARGETED_DEVICE_FAMILY = "1,2";
				TEST_TARGET_NAME = tableview;
			};
			name = Release;
		};
/* End XCBuildConfiguration section */

/* Begin XCConfigurationList section */
		001B183529AD2BC700D34157 /* Build configuration list for PBXProject "tableview" */ = {
			isa = XCConfigurationList;
			buildConfigurations = (
				001B186229AD2BCD00D34157 /* Debug */,
				001B186329AD2BCD00D34157 /* Release */,
			);
			defaultConfigurationIsVisible = 0;
			defaultConfigurationName = Release;
		};
		001B186429AD2BCD00D34157 /* Build configuration list for PBXNativeTarget "tableview" */ = {
			isa = XCConfigurationList;
			buildConfigurations = (
				001B186529AD2BCD00D34157 /* Debug */,
				001B186629AD2BCD00D34157 /* Release */,
			);
			defaultConfigurationIsVisible = 0;
			defaultConfigurationName = Release;
		};
		001B186729AD2BCD00D34157 /* Build configuration list for PBXNativeTarget "tableviewTests" */ = {
			isa = XCConfigurationList;
			buildConfigurations = (
				001B186829AD2BCD00D34157 /* Debug */,
				001B186929AD2BCD00D34157 /* Release */,
			);
			defaultConfigurationIsVisible = 0;
			defaultConfigurationName = Release;
		};
		001B186A29AD2BCD00D34157 /* Build configuration list for PBXNativeTarget "tableviewUITests" */ = {
			isa = XCConfigurationList;
			buildConfigurations = (
				001B186B29AD2BCD00D34157 /* Debug */,
				001B186C29AD2BCD00D34157 /* Release */,
			);
			defaultConfigurationIsVisible = 0;
			defaultConfigurationName = Release;
		};
/* End XCConfigurationList section */
	};
	rootObject = 001B183229AD2BC700D34157 /* Project object */;
}
