// !$*UTF8*$!
{
	archiveVersion = 1;
	classes = {
	};
	objectVersion = 55;
	objects = {

/* Begin PBXBuildFile section */
		001B187E29AE77FF00D34157 /* AppDelegate.swift in Sources */ = {isa = PBXBuildFile; fileRef = 001B187D29AE77FF00D34157 /* AppDelegate.swift */; };
		001B188029AE77FF00D34157 /* SceneDelegate.swift in Sources */ = {isa = PBXBuildFile; fileRef = 001B187F29AE77FF00D34157 /* SceneDelegate.swift */; };
		001B188229AE77FF00D34157 /* ViewController.swift in Sources */ = {isa = PBXBuildFile; fileRef = 001B188129AE77FF00D34157 /* ViewController.swift */; };
		001B188529AE77FF00D34157 /* Main.storyboard in Resources */ = {isa = PBXBuildFile; fileRef = 001B188329AE77FF00D34157 /* Main.storyboard */; };
		001B188729AE780100D34157 /* Assets.xcassets in Resources */ = {isa = PBXBuildFile; fileRef = 001B188629AE780100D34157 /* Assets.xcassets */; };
		001B188A29AE780100D34157 /* LaunchScreen.storyboard in Resources */ = {isa = PBXBuildFile; fileRef = 001B188829AE780100D34157 /* LaunchScreen.storyboard */; };
		001B189529AE780100D34157 /* CVtableviewTests.swift in Sources */ = {isa = PBXBuildFile; fileRef = 001B189429AE780100D34157 /* CVtableviewTests.swift */; };
		001B189F29AE780200D34157 /* CVtableviewUITests.swift in Sources */ = {isa = PBXBuildFile; fileRef = 001B189E29AE780200D34157 /* CVtableviewUITests.swift */; };
		001B18A129AE780200D34157 /* CVtableviewUITestsLaunchTests.swift in Sources */ = {isa = PBXBuildFile; fileRef = 001B18A029AE780200D34157 /* CVtableviewUITestsLaunchTests.swift */; };
		001B18AF29AE785E00D34157 /* CVTableViewCell.swift in Sources */ = {isa = PBXBuildFile; fileRef = 001B18AD29AE785E00D34157 /* CVTableViewCell.swift */; };
		001B18B029AE785E00D34157 /* CVTableViewCell.xib in Resources */ = {isa = PBXBuildFile; fileRef = 001B18AE29AE785E00D34157 /* CVTableViewCell.xib */; };
		001B18B929AE867600D34157 /* imageTableViewCell.swift in Sources */ = {isa = PBXBuildFile; fileRef = 001B18B729AE867600D34157 /* imageTableViewCell.swift */; };
		001B18BA29AE867600D34157 /* imageTableViewCell.xib in Resources */ = {isa = PBXBuildFile; fileRef = 001B18B829AE867600D34157 /* imageTableViewCell.xib */; };
		001B18BD29AE924700D34157 /* buttonTableViewCell.swift in Sources */ = {isa = PBXBuildFile; fileRef = 001B18BB29AE924600D34157 /* buttonTableViewCell.swift */; };
		001B18BE29AE924700D34157 /* buttonTableViewCell.xib in Resources */ = {isa = PBXBuildFile; fileRef = 001B18BC29AE924600D34157 /* buttonTableViewCell.xib */; };
		004A264C29BA2D5D0019EED4 /* CollectionViewCell.swift in Sources */ = {isa = PBXBuildFile; fileRef = 004A264A29BA2D5D0019EED4 /* CollectionViewCell.swift */; };
		004A264D29BA2D5D0019EED4 /* CollectionViewCell.xib in Resources */ = {isa = PBXBuildFile; fileRef = 004A264B29BA2D5D0019EED4 /* CollectionViewCell.xib */; };
/* End PBXBuildFile section */

/* Begin PBXContainerItemProxy section */
		001B189129AE780100D34157 /* PBXContainerItemProxy */ = {
			isa = PBXContainerItemProxy;
			containerPortal = 001B187229AE77FF00D34157 /* Project object */;
			proxyType = 1;
			remoteGlobalIDString = 001B187929AE77FF00D34157;
			remoteInfo = CVtableview;
		};
		001B189B29AE780200D34157 /* PBXContainerItemProxy */ = {
			isa = PBXContainerItemProxy;
			containerPortal = 001B187229AE77FF00D34157 /* Project object */;
			proxyType = 1;
			remoteGlobalIDString = 001B187929AE77FF00D34157;
			remoteInfo = CVtableview;
		};
/* End PBXContainerItemProxy section */

/* Begin PBXFileReference section */
		001B187A29AE77FF00D34157 /* CVtableview.app */ = {isa = PBXFileReference; explicitFileType = wrapper.application; includeInIndex = 0; path = CVtableview.app; sourceTree = BUILT_PRODUCTS_DIR; };
		001B187D29AE77FF00D34157 /* AppDelegate.swift */ = {isa = PBXFileReference; lastKnownFileType = sourcecode.swift; path = AppDelegate.swift; sourceTree = "<group>"; };
		001B187F29AE77FF00D34157 /* SceneDelegate.swift */ = {isa = PBXFileReference; lastKnownFileType = sourcecode.swift; path = SceneDelegate.swift; sourceTree = "<group>"; };
		001B188129AE77FF00D34157 /* ViewController.swift */ = {isa = PBXFileReference; lastKnownFileType = sourcecode.swift; path = ViewController.swift; sourceTree = "<group>"; };
		001B188429AE77FF00D34157 /* Base */ = {isa = PBXFileReference; lastKnownFileType = file.storyboard; name = Base; path = Base.lproj/Main.storyboard; sourceTree = "<group>"; };
		001B188629AE780100D34157 /* Assets.xcassets */ = {isa = PBXFileReference; lastKnownFileType = folder.assetcatalog; path = Assets.xcassets; sourceTree = "<group>"; };
		001B188929AE780100D34157 /* Base */ = {isa = PBXFileReference; lastKnownFileType = file.storyboard; name = Base; path = Base.lproj/LaunchScreen.storyboard; sourceTree = "<group>"; };
		001B188B29AE780100D34157 /* Info.plist */ = {isa = PBXFileReference; lastKnownFileType = text.plist.xml; path = Info.plist; sourceTree = "<group>"; };
		001B189029AE780100D34157 /* CVtableviewTests.xctest */ = {isa = PBXFileReference; explicitFileType = wrapper.cfbundle; includeInIndex = 0; path = CVtableviewTests.xctest; sourceTree = BUILT_PRODUCTS_DIR; };
		001B189429AE780100D34157 /* CVtableviewTests.swift */ = {isa = PBXFileReference; lastKnownFileType = sourcecode.swift; path = CVtableviewTests.swift; sourceTree = "<group>"; };
		001B189A29AE780200D34157 /* CVtableviewUITests.xctest */ = {isa = PBXFileReference; explicitFileType = wrapper.cfbundle; includeInIndex = 0; path = CVtableviewUITests.xctest; sourceTree = BUILT_PRODUCTS_DIR; };
		001B189E29AE780200D34157 /* CVtableviewUITests.swift */ = {isa = PBXFileReference; lastKnownFileType = sourcecode.swift; path = CVtableviewUITests.swift; sourceTree = "<group>"; };
		001B18A029AE780200D34157 /* CVtableviewUITestsLaunchTests.swift */ = {isa = PBXFileReference; lastKnownFileType = sourcecode.swift; path = CVtableviewUITestsLaunchTests.swift; sourceTree = "<group>"; };
		001B18AD29AE785E00D34157 /* CVTableViewCell.swift */ = {isa = PBXFileReference; lastKnownFileType = sourcecode.swift; path = CVTableViewCell.swift; sourceTree = "<group>"; };
		001B18AE29AE785E00D34157 /* CVTableViewCell.xib */ = {isa = PBXFileReference; lastKnownFileType = file.xib; path = CVTableViewCell.xib; sourceTree = "<group>"; };
		001B18B729AE867600D34157 /* imageTableViewCell.swift */ = {isa = PBXFileReference; lastKnownFileType = sourcecode.swift; path = imageTableViewCell.swift; sourceTree = "<group>"; };
		001B18B829AE867600D34157 /* imageTableViewCell.xib */ = {isa = PBXFileReference; lastKnownFileType = file.xib; path = imageTableViewCell.xib; sourceTree = "<group>"; };
		001B18BB29AE924600D34157 /* buttonTableViewCell.swift */ = {isa = PBXFileReference; lastKnownFileType = sourcecode.swift; path = buttonTableViewCell.swift; sourceTree = "<group>"; };
		001B18BC29AE924600D34157 /* buttonTableViewCell.xib */ = {isa = PBXFileReference; lastKnownFileType = file.xib; path = buttonTableViewCell.xib; sourceTree = "<group>"; };
		004A264A29BA2D5D0019EED4 /* CollectionViewCell.swift */ = {isa = PBXFileReference; lastKnownFileType = sourcecode.swift; path = CollectionViewCell.swift; sourceTree = "<group>"; };
		004A264B29BA2D5D0019EED4 /* CollectionViewCell.xib */ = {isa = PBXFileReference; lastKnownFileType = file.xib; path = CollectionViewCell.xib; sourceTree = "<group>"; };
/* End PBXFileReference section */

/* Begin PBXFrameworksBuildPhase section */
		001B187729AE77FF00D34157 /* Frameworks */ = {
			isa = PBXFrameworksBuildPhase;
			buildActionMask = 2147483647;
			files = (
			);
			runOnlyForDeploymentPostprocessing = 0;
		};
		001B188D29AE780100D34157 /* Frameworks */ = {
			isa = PBXFrameworksBuildPhase;
			buildActionMask = 2147483647;
			files = (
			);
			runOnlyForDeploymentPostprocessing = 0;
		};
		001B189729AE780200D34157 /* Frameworks */ = {
			isa = PBXFrameworksBuildPhase;
			buildActionMask = 2147483647;
			files = (
			);
			runOnlyForDeploymentPostprocessing = 0;
		};
/* End PBXFrameworksBuildPhase section */

/* Begin PBXGroup section */
		001B187129AE77FF00D34157 = {
			isa = PBXGroup;
			children = (
				001B187C29AE77FF00D34157 /* CVtableview */,
				001B189329AE780100D34157 /* CVtableviewTests */,
				001B189D29AE780200D34157 /* CVtableviewUITests */,
				001B187B29AE77FF00D34157 /* Products */,
			);
			sourceTree = "<group>";
		};
		001B187B29AE77FF00D34157 /* Products */ = {
			isa = PBXGroup;
			children = (
				001B187A29AE77FF00D34157 /* CVtableview.app */,
				001B189029AE780100D34157 /* CVtableviewTests.xctest */,
				001B189A29AE780200D34157 /* CVtableviewUITests.xctest */,
			);
			name = Products;
			sourceTree = "<group>";
		};
		001B187C29AE77FF00D34157 /* CVtableview */ = {
			isa = PBXGroup;
			children = (
				004A264929BA25190019EED4 /* TableViewCell */,
				001B187D29AE77FF00D34157 /* AppDelegate.swift */,
				001B187F29AE77FF00D34157 /* SceneDelegate.swift */,
				001B188129AE77FF00D34157 /* ViewController.swift */,
				001B188329AE77FF00D34157 /* Main.storyboard */,
				001B188629AE780100D34157 /* Assets.xcassets */,
				001B188829AE780100D34157 /* LaunchScreen.storyboard */,
				001B188B29AE780100D34157 /* Info.plist */,
				004A264E29BA2F5B0019EED4 /* CollectionViewCell */,
			);
			path = CVtableview;
			sourceTree = "<group>";
		};
		001B189329AE780100D34157 /* CVtableviewTests */ = {
			isa = PBXGroup;
			children = (
				001B189429AE780100D34157 /* CVtableviewTests.swift */,
			);
			path = CVtableviewTests;
			sourceTree = "<group>";
		};
		001B189D29AE780200D34157 /* CVtableviewUITests */ = {
			isa = PBXGroup;
			children = (
				001B189E29AE780200D34157 /* CVtableviewUITests.swift */,
				001B18A029AE780200D34157 /* CVtableviewUITestsLaunchTests.swift */,
			);
			path = CVtableviewUITests;
			sourceTree = "<group>";
		};
		004A264929BA25190019EED4 /* TableViewCell */ = {
			isa = PBXGroup;
			children = (
				001B18AD29AE785E00D34157 /* CVTableViewCell.swift */,
				001B18AE29AE785E00D34157 /* CVTableViewCell.xib */,
				001B18B729AE867600D34157 /* imageTableViewCell.swift */,
				001B18B829AE867600D34157 /* imageTableViewCell.xib */,
				001B18BB29AE924600D34157 /* buttonTableViewCell.swift */,
				001B18BC29AE924600D34157 /* buttonTableViewCell.xib */,
			);
			path = TableViewCell;
			sourceTree = "<group>";
		};
		004A264E29BA2F5B0019EED4 /* CollectionViewCell */ = {
			isa = PBXGroup;
			children = (
				004A264A29BA2D5D0019EED4 /* CollectionViewCell.swift */,
				004A264B29BA2D5D0019EED4 /* CollectionViewCell.xib */,
			);
			path = CollectionViewCell;
			sourceTree = "<group>";
		};
/* End PBXGroup section */

/* Begin PBXNativeTarget section */
		001B187929AE77FF00D34157 /* CVtableview */ = {
			isa = PBXNativeTarget;
			buildConfigurationList = 001B18A429AE780200D34157 /* Build configuration list for PBXNativeTarget "CVtableview" */;
			buildPhases = (
				001B187629AE77FF00D34157 /* Sources */,
				001B187729AE77FF00D34157 /* Frameworks */,
				001B187829AE77FF00D34157 /* Resources */,
			);
			buildRules = (
			);
			dependencies = (
			);
			name = CVtableview;
			productName = CVtableview;
			productReference = 001B187A29AE77FF00D34157 /* CVtableview.app */;
			productType = "com.apple.product-type.application";
		};
		001B188F29AE780100D34157 /* CVtableviewTests */ = {
			isa = PBXNativeTarget;
			buildConfigurationList = 001B18A729AE780200D34157 /* Build configuration list for PBXNativeTarget "CVtableviewTests" */;
			buildPhases = (
				001B188C29AE780100D34157 /* Sources */,
				001B188D29AE780100D34157 /* Frameworks */,
				001B188E29AE780100D34157 /* Resources */,
			);
			buildRules = (
			);
			dependencies = (
				001B189229AE780100D34157 /* PBXTargetDependency */,
			);
			name = CVtableviewTests;
			productName = CVtableviewTests;
			productReference = 001B189029AE780100D34157 /* CVtableviewTests.xctest */;
			productType = "com.apple.product-type.bundle.unit-test";
		};
		001B189929AE780200D34157 /* CVtableviewUITests */ = {
			isa = PBXNativeTarget;
			buildConfigurationList = 001B18AA29AE780200D34157 /* Build configuration list for PBXNativeTarget "CVtableviewUITests" */;
			buildPhases = (
				001B189629AE780200D34157 /* Sources */,
				001B189729AE780200D34157 /* Frameworks */,
				001B189829AE780200D34157 /* Resources */,
			);
			buildRules = (
			);
			dependencies = (
				001B189C29AE780200D34157 /* PBXTargetDependency */,
			);
			name = CVtableviewUITests;
			productName = CVtableviewUITests;
			productReference = 001B189A29AE780200D34157 /* CVtableviewUITests.xctest */;
			productType = "com.apple.product-type.bundle.ui-testing";
		};
/* End PBXNativeTarget section */

/* Begin PBXProject section */
		001B187229AE77FF00D34157 /* Project object */ = {
			isa = PBXProject;
			attributes = {
				BuildIndependentTargetsInParallel = 1;
				LastSwiftUpdateCheck = 1340;
				LastUpgradeCheck = 1340;
				TargetAttributes = {
					001B187929AE77FF00D34157 = {
						CreatedOnToolsVersion = 13.4.1;
					};
					001B188F29AE780100D34157 = {
						CreatedOnToolsVersion = 13.4.1;
						TestTargetID = 001B187929AE77FF00D34157;
					};
					001B189929AE780200D34157 = {
						CreatedOnToolsVersion = 13.4.1;
						TestTargetID = 001B187929AE77FF00D34157;
					};
				};
			};
			buildConfigurationList = 001B187529AE77FF00D34157 /* Build configuration list for PBXProject "CVtableview" */;
			compatibilityVersion = "Xcode 13.0";
			developmentRegion = en;
			hasScannedForEncodings = 0;
			knownRegions = (
				en,
				Base,
			);
			mainGroup = 001B187129AE77FF00D34157;
			productRefGroup = 001B187B29AE77FF00D34157 /* Products */;
			projectDirPath = "";
			projectRoot = "";
			targets = (
				001B187929AE77FF00D34157 /* CVtableview */,
				001B188F29AE780100D34157 /* CVtableviewTests */,
				001B189929AE780200D34157 /* CVtableviewUITests */,
			);
		};
/* End PBXProject section */

/* Begin PBXResourcesBuildPhase section */
		001B187829AE77FF00D34157 /* Resources */ = {
			isa = PBXResourcesBuildPhase;
			buildActionMask = 2147483647;
			files = (
				001B18B029AE785E00D34157 /* CVTableViewCell.xib in Resources */,
				004A264D29BA2D5D0019EED4 /* CollectionViewCell.xib in Resources */,
				001B188A29AE780100D34157 /* LaunchScreen.storyboard in Resources */,
				001B188729AE780100D34157 /* Assets.xcassets in Resources */,
				001B18BE29AE924700D34157 /* buttonTableViewCell.xib in Resources */,
				001B188529AE77FF00D34157 /* Main.storyboard in Resources */,
				001B18BA29AE867600D34157 /* imageTableViewCell.xib in Resources */,
			);
			runOnlyForDeploymentPostprocessing = 0;
		};
		001B188E29AE780100D34157 /* Resources */ = {
			isa = PBXResourcesBuildPhase;
			buildActionMask = 2147483647;
			files = (
			);
			runOnlyForDeploymentPostprocessing = 0;
		};
		001B189829AE780200D34157 /* Resources */ = {
			isa = PBXResourcesBuildPhase;
			buildActionMask = 2147483647;
			files = (
			);
			runOnlyForDeploymentPostprocessing = 0;
		};
/* End PBXResourcesBuildPhase section */

/* Begin PBXSourcesBuildPhase section */
		001B187629AE77FF00D34157 /* Sources */ = {
			isa = PBXSourcesBuildPhase;
			buildActionMask = 2147483647;
			files = (
				001B18B929AE867600D34157 /* imageTableViewCell.swift in Sources */,
				001B18AF29AE785E00D34157 /* CVTableViewCell.swift in Sources */,
				001B188229AE77FF00D34157 /* ViewController.swift in Sources */,
				004A264C29BA2D5D0019EED4 /* CollectionViewCell.swift in Sources */,
				001B187E29AE77FF00D34157 /* AppDelegate.swift in Sources */,
				001B188029AE77FF00D34157 /* SceneDelegate.swift in Sources */,
				001B18BD29AE924700D34157 /* buttonTableViewCell.swift in Sources */,
			);
			runOnlyForDeploymentPostprocessing = 0;
		};
		001B188C29AE780100D34157 /* Sources */ = {
			isa = PBXSourcesBuildPhase;
			buildActionMask = 2147483647;
			files = (
				001B189529AE780100D34157 /* CVtableviewTests.swift in Sources */,
			);
			runOnlyForDeploymentPostprocessing = 0;
		};
		001B189629AE780200D34157 /* Sources */ = {
			isa = PBXSourcesBuildPhase;
			buildActionMask = 2147483647;
			files = (
				001B189F29AE780200D34157 /* CVtableviewUITests.swift in Sources */,
				001B18A129AE780200D34157 /* CVtableviewUITestsLaunchTests.swift in Sources */,
			);
			runOnlyForDeploymentPostprocessing = 0;
		};
/* End PBXSourcesBuildPhase section */

/* Begin PBXTargetDependency section */
		001B189229AE780100D34157 /* PBXTargetDependency */ = {
			isa = PBXTargetDependency;
			target = 001B187929AE77FF00D34157 /* CVtableview */;
			targetProxy = 001B189129AE780100D34157 /* PBXContainerItemProxy */;
		};
		001B189C29AE780200D34157 /* PBXTargetDependency */ = {
			isa = PBXTargetDependency;
			target = 001B187929AE77FF00D34157 /* CVtableview */;
			targetProxy = 001B189B29AE780200D34157 /* PBXContainerItemProxy */;
		};
/* End PBXTargetDependency section */

/* Begin PBXVariantGroup section */
		001B188329AE77FF00D34157 /* Main.storyboard */ = {
			isa = PBXVariantGroup;
			children = (
				001B188429AE77FF00D34157 /* Base */,
			);
			name = Main.storyboard;
			sourceTree = "<group>";
		};
		001B188829AE780100D34157 /* LaunchScreen.storyboard */ = {
			isa = PBXVariantGroup;
			children = (
				001B188929AE780100D34157 /* Base */,
			);
			name = LaunchScreen.storyboard;
			sourceTree = "<group>";
		};
/* End PBXVariantGroup section */

/* Begin XCBuildConfiguration section */
		001B18A229AE780200D34157 /* Debug */ = {
			isa = XCBuildConfiguration;
			buildSettings = {
				ALWAYS_SEARCH_USER_PATHS = NO;
				CLANG_ANALYZER_NONNULL = YES;
				CLANG_ANALYZER_NUMBER_OBJECT_CONVERSION = YES_AGGRESSIVE;
				CLANG_CXX_LANGUAGE_STANDARD = "gnu++17";
				CLANG_ENABLE_MODULES = YES;
				CLANG_ENABLE_OBJC_ARC = YES;
				CLANG_ENABLE_OBJC_WEAK = YES;
				CLANG_WARN_BLOCK_CAPTURE_AUTORELEASING = YES;
				CLANG_WARN_BOOL_CONVERSION = YES;
				CLANG_WARN_COMMA = YES;
				CLANG_WARN_CONSTANT_CONVERSION = YES;
				CLANG_WARN_DEPRECATED_OBJC_IMPLEMENTATIONS = YES;
				CLANG_WARN_DIRECT_OBJC_ISA_USAGE = YES_ERROR;
				CLANG_WARN_DOCUMENTATION_COMMENTS = YES;
				CLANG_WARN_EMPTY_BODY = YES;
				CLANG_WARN_ENUM_CONVERSION = YES;
				CLANG_WARN_INFINITE_RECURSION = YES;
				CLANG_WARN_INT_CONVERSION = YES;
				CLANG_WARN_NON_LITERAL_NULL_CONVERSION = YES;
				CLANG_WARN_OBJC_IMPLICIT_RETAIN_SELF = YES;
				CLANG_WARN_OBJC_LITERAL_CONVERSION = YES;
				CLANG_WARN_OBJC_ROOT_CLASS = YES_ERROR;
				CLANG_WARN_QUOTED_INCLUDE_IN_FRAMEWORK_HEADER = YES;
				CLANG_WARN_RANGE_LOOP_ANALYSIS = YES;
				CLANG_WARN_STRICT_PROTOTYPES = YES;
				CLANG_WARN_SUSPICIOUS_MOVE = YES;
				CLANG_WARN_UNGUARDED_AVAILABILITY = YES_AGGRESSIVE;
				CLANG_WARN_UNREACHABLE_CODE = YES;
				CLANG_WARN__DUPLICATE_METHOD_MATCH = YES;
				COPY_PHASE_STRIP = NO;
				DEBUG_INFORMATION_FORMAT = dwarf;
				ENABLE_STRICT_OBJC_MSGSEND = YES;
				ENABLE_TESTABILITY = YES;
				GCC_C_LANGUAGE_STANDARD = gnu11;
				GCC_DYNAMIC_NO_PIC = NO;
				GCC_NO_COMMON_BLOCKS = YES;
				GCC_OPTIMIZATION_LEVEL = 0;
				GCC_PREPROCESSOR_DEFINITIONS = (
					"DEBUG=1",
					"$(inherited)",
				);
				GCC_WARN_64_TO_32_BIT_CONVERSION = YES;
				GCC_WARN_ABOUT_RETURN_TYPE = YES_ERROR;
				GCC_WARN_UNDECLARED_SELECTOR = YES;
				GCC_WARN_UNINITIALIZED_AUTOS = YES_AGGRESSIVE;
				GCC_WARN_UNUSED_FUNCTION = YES;
				GCC_WARN_UNUSED_VARIABLE = YES;
				IPHONEOS_DEPLOYMENT_TARGET = 15.5;
				MTL_ENABLE_DEBUG_INFO = INCLUDE_SOURCE;
				MTL_FAST_MATH = YES;
				ONLY_ACTIVE_ARCH = YES;
				SDKROOT = iphoneos;
				SWIFT_ACTIVE_COMPILATION_CONDITIONS = DEBUG;
				SWIFT_OPTIMIZATION_LEVEL = "-Onone";
			};
			name = Debug;
		};
		001B18A329AE780200D34157 /* Release */ = {
			isa = XCBuildConfiguration;
			buildSettings = {
				ALWAYS_SEARCH_USER_PATHS = NO;
				CLANG_ANALYZER_NONNULL = YES;
				CLANG_ANALYZER_NUMBER_OBJECT_CONVERSION = YES_AGGRESSIVE;
				CLANG_CXX_LANGUAGE_STANDARD = "gnu++17";
				CLANG_ENABLE_MODULES = YES;
				CLANG_ENABLE_OBJC_ARC = YES;
				CLANG_ENABLE_OBJC_WEAK = YES;
				CLANG_WARN_BLOCK_CAPTURE_AUTORELEASING = YES;
				CLANG_WARN_BOOL_CONVERSION = YES;
				CLANG_WARN_COMMA = YES;
				CLANG_WARN_CONSTANT_CONVERSION = YES;
				CLANG_WARN_DEPRECATED_OBJC_IMPLEMENTATIONS = YES;
				CLANG_WARN_DIRECT_OBJC_ISA_USAGE = YES_ERROR;
				CLANG_WARN_DOCUMENTATION_COMMENTS = YES;
				CLANG_WARN_EMPTY_BODY = YES;
				CLANG_WARN_ENUM_CONVERSION = YES;
				CLANG_WARN_INFINITE_RECURSION = YES;
				CLANG_WARN_INT_CONVERSION = YES;
				CLANG_WARN_NON_LITERAL_NULL_CONVERSION = YES;
				CLANG_WARN_OBJC_IMPLICIT_RETAIN_SELF = YES;
				CLANG_WARN_OBJC_LITERAL_CONVERSION = YES;
				CLANG_WARN_OBJC_ROOT_CLASS = YES_ERROR;
				CLANG_WARN_QUOTED_INCLUDE_IN_FRAMEWORK_HEADER = YES;
				CLANG_WARN_RANGE_LOOP_ANALYSIS = YES;
				CLANG_WARN_STRICT_PROTOTYPES = YES;
				CLANG_WARN_SUSPICIOUS_MOVE = YES;
				CLANG_WARN_UNGUARDED_AVAILABILITY = YES_AGGRESSIVE;
				CLANG_WARN_UNREACHABLE_CODE = YES;
				CLANG_WARN__DUPLICATE_METHOD_MATCH = YES;
				COPY_PHASE_STRIP = NO;
				DEBUG_INFORMATION_FORMAT = "dwarf-with-dsym";
				ENABLE_NS_ASSERTIONS = NO;
				ENABLE_STRICT_OBJC_MSGSEND = YES;
				GCC_C_LANGUAGE_STANDARD = gnu11;
				GCC_NO_COMMON_BLOCKS = YES;
				GCC_WARN_64_TO_32_BIT_CONVERSION = YES;
				GCC_WARN_ABOUT_RETURN_TYPE = YES_ERROR;
				GCC_WARN_UNDECLARED_SELECTOR = YES;
				GCC_WARN_UNINITIALIZED_AUTOS = YES_AGGRESSIVE;
				GCC_WARN_UNUSED_FUNCTION = YES;
				GCC_WARN_UNUSED_VARIABLE = YES;
				IPHONEOS_DEPLOYMENT_TARGET = 15.5;
				MTL_ENABLE_DEBUG_INFO = NO;
				MTL_FAST_MATH = YES;
				SDKROOT = iphoneos;
				SWIFT_COMPILATION_MODE = wholemodule;
				SWIFT_OPTIMIZATION_LEVEL = "-O";
				VALIDATE_PRODUCT = YES;
			};
			name = Release;
		};
		001B18A529AE780200D34157 /* Debug */ = {
			isa = XCBuildConfiguration;
			buildSettings = {
				ASSETCATALOG_COMPILER_APPICON_NAME = AppIcon;
				ASSETCATALOG_COMPILER_GLOBAL_ACCENT_COLOR_NAME = AccentColor;
				CODE_SIGN_STYLE = Automatic;
				CURRENT_PROJECT_VERSION = 1;
				GENERATE_INFOPLIST_FILE = YES;
				INFOPLIST_FILE = CVtableview/Info.plist;
				INFOPLIST_KEY_UIApplicationSupportsIndirectInputEvents = YES;
				INFOPLIST_KEY_UILaunchStoryboardName = LaunchScreen;
				INFOPLIST_KEY_UIMainStoryboardFile = Main;
				INFOPLIST_KEY_UISupportedInterfaceOrientations_iPad = "UIInterfaceOrientationPortrait UIInterfaceOrientationPortraitUpsideDown UIInterfaceOrientationLandscapeLeft UIInterfaceOrientationLandscapeRight";
				INFOPLIST_KEY_UISupportedInterfaceOrientations_iPhone = "UIInterfaceOrientationPortrait UIInterfaceOrientationLandscapeLeft UIInterfaceOrientationLandscapeRight";
				LD_RUNPATH_SEARCH_PATHS = (
					"$(inherited)",
					"@executable_path/Frameworks",
				);
				MARKETING_VERSION = 1.0;
				PRODUCT_BUNDLE_IDENTIFIER = "-23.CVtableview";
				PRODUCT_NAME = "$(TARGET_NAME)";
				SWIFT_EMIT_LOC_STRINGS = YES;
				SWIFT_VERSION = 5.0;
				TARGETED_DEVICE_FAMILY = "1,2";
			};
			name = Debug;
		};
		001B18A629AE780200D34157 /* Release */ = {
			isa = XCBuildConfiguration;
			buildSettings = {
				ASSETCATALOG_COMPILER_APPICON_NAME = AppIcon;
				ASSETCATALOG_COMPILER_GLOBAL_ACCENT_COLOR_NAME = AccentColor;
				CODE_SIGN_STYLE = Automatic;
				CURRENT_PROJECT_VERSION = 1;
				GENERATE_INFOPLIST_FILE = YES;
				INFOPLIST_FILE = CVtableview/Info.plist;
				INFOPLIST_KEY_UIApplicationSupportsIndirectInputEvents = YES;
				INFOPLIST_KEY_UILaunchStoryboardName = LaunchScreen;
				INFOPLIST_KEY_UIMainStoryboardFile = Main;
				INFOPLIST_KEY_UISupportedInterfaceOrientations_iPad = "UIInterfaceOrientationPortrait UIInterfaceOrientationPortraitUpsideDown UIInterfaceOrientationLandscapeLeft UIInterfaceOrientationLandscapeRight";
				INFOPLIST_KEY_UISupportedInterfaceOrientations_iPhone = "UIInterfaceOrientationPortrait UIInterfaceOrientationLandscapeLeft UIInterfaceOrientationLandscapeRight";
				LD_RUNPATH_SEARCH_PATHS = (
					"$(inherited)",
					"@executable_path/Frameworks",
				);
				MARKETING_VERSION = 1.0;
				PRODUCT_BUNDLE_IDENTIFIER = "-23.CVtableview";
				PRODUCT_NAME = "$(TARGET_NAME)";
				SWIFT_EMIT_LOC_STRINGS = YES;
				SWIFT_VERSION = 5.0;
				TARGETED_DEVICE_FAMILY = "1,2";
			};
			name = Release;
		};
		001B18A829AE780200D34157 /* Debug */ = {
			isa = XCBuildConfiguration;
			buildSettings = {
				ALWAYS_EMBED_SWIFT_STANDARD_LIBRARIES = YES;
				BUNDLE_LOADER = "$(TEST_HOST)";
				CODE_SIGN_STYLE = Automatic;
				CURRENT_PROJECT_VERSION = 1;
				GENERATE_INFOPLIST_FILE = YES;
				IPHONEOS_DEPLOYMENT_TARGET = 15.5;
				MARKETING_VERSION = 1.0;
				PRODUCT_BUNDLE_IDENTIFIER = "-23.CVtableviewTests";
				PRODUCT_NAME = "$(TARGET_NAME)";
				SWIFT_EMIT_LOC_STRINGS = NO;
				SWIFT_VERSION = 5.0;
				TARGETED_DEVICE_FAMILY = "1,2";
				TEST_HOST = "$(BUILT_PRODUCTS_DIR)/CVtableview.app/CVtableview";
			};
			name = Debug;
		};
		001B18A929AE780200D34157 /* Release */ = {
			isa = XCBuildConfiguration;
			buildSettings = {
				ALWAYS_EMBED_SWIFT_STANDARD_LIBRARIES = YES;
				BUNDLE_LOADER = "$(TEST_HOST)";
				CODE_SIGN_STYLE = Automatic;
				CURRENT_PROJECT_VERSION = 1;
				GENERATE_INFOPLIST_FILE = YES;
				IPHONEOS_DEPLOYMENT_TARGET = 15.5;
				MARKETING_VERSION = 1.0;
				PRODUCT_BUNDLE_IDENTIFIER = "-23.CVtableviewTests";
				PRODUCT_NAME = "$(TARGET_NAME)";
				SWIFT_EMIT_LOC_STRINGS = NO;
				SWIFT_VERSION = 5.0;
				TARGETED_DEVICE_FAMILY = "1,2";
				TEST_HOST = "$(BUILT_PRODUCTS_DIR)/CVtableview.app/CVtableview";
			};
			name = Release;
		};
		001B18AB29AE780200D34157 /* Debug */ = {
			isa = XCBuildConfiguration;
			buildSettings = {
				ALWAYS_EMBED_SWIFT_STANDARD_LIBRARIES = YES;
				CODE_SIGN_STYLE = Automatic;
				CURRENT_PROJECT_VERSION = 1;
				GENERATE_INFOPLIST_FILE = YES;
				MARKETING_VERSION = 1.0;
				PRODUCT_BUNDLE_IDENTIFIER = "-23.CVtableviewUITests";
				PRODUCT_NAME = "$(TARGET_NAME)";
				SWIFT_EMIT_LOC_STRINGS = NO;
				SWIFT_VERSION = 5.0;
				TARGETED_DEVICE_FAMILY = "1,2";
				TEST_TARGET_NAME = CVtableview;
			};
			name = Debug;
		};
		001B18AC29AE780200D34157 /* Release */ = {
			isa = XCBuildConfiguration;
			buildSettings = {
				ALWAYS_EMBED_SWIFT_STANDARD_LIBRARIES = YES;
				CODE_SIGN_STYLE = Automatic;
				CURRENT_PROJECT_VERSION = 1;
				GENERATE_INFOPLIST_FILE = YES;
				MARKETING_VERSION = 1.0;
				PRODUCT_BUNDLE_IDENTIFIER = "-23.CVtableviewUITests";
				PRODUCT_NAME = "$(TARGET_NAME)";
				SWIFT_EMIT_LOC_STRINGS = NO;
				SWIFT_VERSION = 5.0;
				TARGETED_DEVICE_FAMILY = "1,2";
				TEST_TARGET_NAME = CVtableview;
			};
			name = Release;
		};
/* End XCBuildConfiguration section */

/* Begin XCConfigurationList section */
		001B187529AE77FF00D34157 /* Build configuration list for PBXProject "CVtableview" */ = {
			isa = XCConfigurationList;
			buildConfigurations = (
				001B18A229AE780200D34157 /* Debug */,
				001B18A329AE780200D34157 /* Release */,
			);
			defaultConfigurationIsVisible = 0;
			defaultConfigurationName = Release;
		};
		001B18A429AE780200D34157 /* Build configuration list for PBXNativeTarget "CVtableview" */ = {
			isa = XCConfigurationList;
			buildConfigurations = (
				001B18A529AE780200D34157 /* Debug */,
				001B18A629AE780200D34157 /* Release */,
			);
			defaultConfigurationIsVisible = 0;
			defaultConfigurationName = Release;
		};
		001B18A729AE780200D34157 /* Build configuration list for PBXNativeTarget "CVtableviewTests" */ = {
			isa = XCConfigurationList;
			buildConfigurations = (
				001B18A829AE780200D34157 /* Debug */,
				001B18A929AE780200D34157 /* Release */,
			);
			defaultConfigurationIsVisible = 0;
			defaultConfigurationName = Release;
		};
		001B18AA29AE780200D34157 /* Build configuration list for PBXNativeTarget "CVtableviewUITests" */ = {
			isa = XCConfigurationList;
			buildConfigurations = (
				001B18AB29AE780200D34157 /* Debug */,
				001B18AC29AE780200D34157 /* Release */,
			);
			defaultConfigurationIsVisible = 0;
			defaultConfigurationName = Release;
		};
/* End XCConfigurationList section */
	};
	rootObject = 001B187229AE77FF00D34157 /* Project object */;
}
